
Microsoft Visual Studio Solution File, Format Version 12.00
# Visual Studio Version 17
VisualStudioVersion = 17.3.32804.467
MinimumVisualStudioVersion = 10.0.40219.1
Project("{FAE04EC0-301F-11D3-BF4B-00C04F79EFBC}") = "EventRequestApi", "EventRequestApi\EventRequestApi.csproj", "{5A34AA6F-88FB-4C04-9385-32CAA943C93D}"
EndProject
Project("{00D1A9C2-B5F0-4AF3-8072-F6C62B433612}") = "EventsDB", "BossesBolagDB\EventsDB.sqlproj", "{087855C5-7D7F-458D-B18A-2E4C506EB695}"
EndProject
Global
	GlobalSection(SolutionConfigurationPlatforms) = preSolution
		Debug|Any CPU = Debug|Any CPU
		Release|Any CPU = Release|Any CPU
	EndGlobalSection
	GlobalSection(ProjectConfigurationPlatforms) = postSolution
		{5A34AA6F-88FB-4C04-9385-32CAA943C93D}.Debug|Any CPU.ActiveCfg = Debug|Any CPU
		{5A34AA6F-88FB-4C04-9385-32CAA943C93D}.Debug|Any CPU.Build.0 = Debug|Any CPU
		{5A34AA6F-88FB-4C04-9385-32CAA943C93D}.Release|Any CPU.ActiveCfg = Release|Any CPU
		{5A34AA6F-88FB-4C04-9385-32CAA943C93D}.Release|Any CPU.Build.0 = Release|Any CPU
		{087855C5-7D7F-458D-B18A-2E4C506EB695}.Debug|Any CPU.ActiveCfg = Debug|Any CPU
		{087855C5-7D7F-458D-B18A-2E4C506EB695}.Debug|Any CPU.Build.0 = Debug|Any CPU
		{087855C5-7D7F-458D-B18A-2E4C506EB695}.Debug|Any CPU.Deploy.0 = Debug|Any CPU
		{087855C5-7D7F-458D-B18A-2E4C506EB695}.Release|Any CPU.ActiveCfg = Release|Any CPU
		{087855C5-7D7F-458D-B18A-2E4C506EB695}.Release|Any CPU.Build.0 = Release|Any CPU
		{087855C5-7D7F-458D-B18A-2E4C506EB695}.Release|Any CPU.Deploy.0 = Release|Any CPU
	EndGlobalSection
	GlobalSection(SolutionProperties) = preSolution
		HideSolutionNode = FALSE
	EndGlobalSection
	GlobalSection(ExtensibilityGlobals) = postSolution
		SolutionGuid = {BCB65ADD-7DBB-4EA0-B631-B9176FCC46A6}
	EndGlobalSection
EndGlobal
